
Microsoft Visual Studio Solution File, Format Version 12.00
# Visual Studio Version 17
VisualStudioVersion = 17.10.35122.118
MinimumVisualStudioVersion = 10.0.40219.1
Project("{9A19103F-16F7-4668-BE54-9A1E7A4F7556}") = "ContentCheckerWpfApp", "ContentCheckerWpfApp.csproj", "{D4935FC7-88DB-410C-BABF-5040C9B40191}"
EndProject
Global
	GlobalSection(SolutionConfigurationPlatforms) = preSolution
		Debug|Any CPU = Debug|Any CPU
		Release|Any CPU = Release|Any CPU
	EndGlobalSection
	GlobalSection(ProjectConfigurationPlatforms) = postSolution
		{D4935FC7-88DB-410C-BABF-5040C9B40191}.Debug|Any CPU.ActiveCfg = Debug|Any CPU
		{D4935FC7-88DB-410C-BABF-5040C9B40191}.Debug|Any CPU.Build.0 = Debug|Any CPU
		{D4935FC7-88DB-410C-BABF-5040C9B40191}.Release|Any CPU.ActiveCfg = Release|Any CPU
		{D4935FC7-88DB-410C-BABF-5040C9B40191}.Release|Any CPU.Build.0 = Release|Any CPU
	EndGlobalSection
	GlobalSection(SolutionProperties) = preSolution
		HideSolutionNode = FALSE
	EndGlobalSection
	GlobalSection(ExtensibilityGlobals) = postSolution
		SolutionGuid = {EF8094F3-61CC-410A-A5F4-1C363CA7EC1A}
	EndGlobalSection
EndGlobal
